
Microsoft Visual Studio Solution File, Format Version 12.00
# Visual Studio 2013
VisualStudioVersion = 12.0.30501.0
MinimumVisualStudioVersion = 10.0.40219.1
Project("{8BC9CEB8-8B4A-11D0-8D11-00A0C91BC942}") = "MeasuringLineLength", "MeasuringLineLength\MeasuringLineLength.vcxproj", "{4A0EB897-6243-473C-B899-E369D6828511}"
EndProject
Project("{8BC9CEB8-8B4A-11D0-8D11-00A0C91BC942}") = "MeasuringUnitTest", "MeasuringUnitTest\MeasuringUnitTest.vcxproj", "{DD1D5B45-1C38-4C3B-ACD1-32F653037CFC}"
EndProject
Project("{8BC9CEB8-8B4A-11D0-8D11-00A0C91BC942}") = "SelectPrimitives", "..\SelectPrimitives\SelectPrimitives\SelectPrimitives.vcxproj", "{1DAFEFCE-441B-4554-93C6-5535507DE97E}"
EndProject
Project("{8BC9CEB8-8B4A-11D0-8D11-00A0C91BC942}") = "BasicFunctionality", "..\BasicFunctionality\prj\BasicFunctionality.vcxproj", "{DFD5E79B-7A1F-4D45-967D-B817B39F0C37}"
EndProject
Global
	GlobalSection(SolutionConfigurationPlatforms) = preSolution
		Debug|Win32 = Debug|Win32
		Debug|x64 = Debug|x64
		Release|Win32 = Release|Win32
		Release|x64 = Release|x64
	EndGlobalSection
	GlobalSection(ProjectConfigurationPlatforms) = postSolution
		{4A0EB897-6243-473C-B899-E369D6828511}.Debug|Win32.ActiveCfg = Debug|Win32
		{4A0EB897-6243-473C-B899-E369D6828511}.Debug|Win32.Build.0 = Debug|Win32
		{4A0EB897-6243-473C-B899-E369D6828511}.Debug|x64.ActiveCfg = Debug|x64
		{4A0EB897-6243-473C-B899-E369D6828511}.Debug|x64.Build.0 = Debug|x64
		{4A0EB897-6243-473C-B899-E369D6828511}.Release|Win32.ActiveCfg = Release|Win32
		{4A0EB897-6243-473C-B899-E369D6828511}.Release|Win32.Build.0 = Release|Win32
		{4A0EB897-6243-473C-B899-E369D6828511}.Release|x64.ActiveCfg = Release|x64
		{4A0EB897-6243-473C-B899-E369D6828511}.Release|x64.Build.0 = Release|x64
		{DD1D5B45-1C38-4C3B-ACD1-32F653037CFC}.Debug|Win32.ActiveCfg = Debug|Win32
		{DD1D5B45-1C38-4C3B-ACD1-32F653037CFC}.Debug|Win32.Build.0 = Debug|Win32
		{DD1D5B45-1C38-4C3B-ACD1-32F653037CFC}.Debug|x64.ActiveCfg = Debug|x64
		{DD1D5B45-1C38-4C3B-ACD1-32F653037CFC}.Debug|x64.Build.0 = Debug|x64
		{DD1D5B45-1C38-4C3B-ACD1-32F653037CFC}.Release|Win32.ActiveCfg = Release|Win32
		{DD1D5B45-1C38-4C3B-ACD1-32F653037CFC}.Release|Win32.Build.0 = Release|Win32
		{DD1D5B45-1C38-4C3B-ACD1-32F653037CFC}.Release|x64.ActiveCfg = Release|x64
		{DD1D5B45-1C38-4C3B-ACD1-32F653037CFC}.Release|x64.Build.0 = Release|x64
		{1DAFEFCE-441B-4554-93C6-5535507DE97E}.Debug|Win32.ActiveCfg = Debug|Win32
		{1DAFEFCE-441B-4554-93C6-5535507DE97E}.Debug|Win32.Build.0 = Debug|Win32
		{1DAFEFCE-441B-4554-93C6-5535507DE97E}.Debug|x64.ActiveCfg = Debug|x64
		{1DAFEFCE-441B-4554-93C6-5535507DE97E}.Debug|x64.Build.0 = Debug|x64
		{1DAFEFCE-441B-4554-93C6-5535507DE97E}.Release|Win32.ActiveCfg = Release|Win32
		{1DAFEFCE-441B-4554-93C6-5535507DE97E}.Release|Win32.Build.0 = Release|Win32
		{1DAFEFCE-441B-4554-93C6-5535507DE97E}.Release|x64.ActiveCfg = Release|x64
		{1DAFEFCE-441B-4554-93C6-5535507DE97E}.Release|x64.Build.0 = Release|x64
		{DFD5E79B-7A1F-4D45-967D-B817B39F0C37}.Debug|Win32.ActiveCfg = Debug|Win32
		{DFD5E79B-7A1F-4D45-967D-B817B39F0C37}.Debug|Win32.Build.0 = Debug|Win32
		{DFD5E79B-7A1F-4D45-967D-B817B39F0C37}.Debug|x64.ActiveCfg = Debug|x64
		{DFD5E79B-7A1F-4D45-967D-B817B39F0C37}.Debug|x64.Build.0 = Debug|x64
		{DFD5E79B-7A1F-4D45-967D-B817B39F0C37}.Release|Win32.ActiveCfg = Release|Win32
		{DFD5E79B-7A1F-4D45-967D-B817B39F0C37}.Release|Win32.Build.0 = Release|Win32
		{DFD5E79B-7A1F-4D45-967D-B817B39F0C37}.Release|x64.ActiveCfg = Release|x64
		{DFD5E79B-7A1F-4D45-967D-B817B39F0C37}.Release|x64.Build.0 = Release|x64
	EndGlobalSection
	GlobalSection(SolutionProperties) = preSolution
		HideSolutionNode = FALSE
	EndGlobalSection
EndGlobal
