
Microsoft Visual Studio Solution File, Format Version 12.00
# Visual Studio 2013
VisualStudioVersion = 12.0.30501.0
MinimumVisualStudioVersion = 10.0.40219.1
Project("{8BC9CEB8-8B4A-11D0-8D11-00A0C91BC942}") = "BasicFunctionality", "..\BasicFunctionality\prj\BasicFunctionality.vcxproj", "{DFD5E79B-7A1F-4D45-967D-B817B39F0C37}"
EndProject
Project("{8BC9CEB8-8B4A-11D0-8D11-00A0C91BC942}") = "UnitTestScale", "UnitTestScale\UnitTestScale.vcxproj", "{B22C5F84-E355-43E7-8E0A-1203D43F6311}"
EndProject
Project("{8BC9CEB8-8B4A-11D0-8D11-00A0C91BC942}") = "ScaleBar", "ScaleBar\ScaleBar.vcxproj", "{BC296FD2-C2FD-48B6-B1A6-6EBD94CB0FDD}"
EndProject
Global
	GlobalSection(SolutionConfigurationPlatforms) = preSolution
		Debug|Mixed Platforms = Debug|Mixed Platforms
		Debug|Win32 = Debug|Win32
		Debug|x64 = Debug|x64
		Release|Mixed Platforms = Release|Mixed Platforms
		Release|Win32 = Release|Win32
		Release|x64 = Release|x64
	EndGlobalSection
	GlobalSection(ProjectConfigurationPlatforms) = postSolution
		{DFD5E79B-7A1F-4D45-967D-B817B39F0C37}.Debug|Mixed Platforms.ActiveCfg = Debug|Win32
		{DFD5E79B-7A1F-4D45-967D-B817B39F0C37}.Debug|Mixed Platforms.Build.0 = Debug|Win32
		{DFD5E79B-7A1F-4D45-967D-B817B39F0C37}.Debug|Win32.ActiveCfg = Debug|Win32
		{DFD5E79B-7A1F-4D45-967D-B817B39F0C37}.Debug|Win32.Build.0 = Debug|Win32
		{DFD5E79B-7A1F-4D45-967D-B817B39F0C37}.Debug|x64.ActiveCfg = Debug|x64
		{DFD5E79B-7A1F-4D45-967D-B817B39F0C37}.Debug|x64.Build.0 = Debug|x64
		{DFD5E79B-7A1F-4D45-967D-B817B39F0C37}.Release|Mixed Platforms.ActiveCfg = Release|Win32
		{DFD5E79B-7A1F-4D45-967D-B817B39F0C37}.Release|Mixed Platforms.Build.0 = Release|Win32
		{DFD5E79B-7A1F-4D45-967D-B817B39F0C37}.Release|Win32.ActiveCfg = Release|Win32
		{DFD5E79B-7A1F-4D45-967D-B817B39F0C37}.Release|Win32.Build.0 = Release|Win32
		{DFD5E79B-7A1F-4D45-967D-B817B39F0C37}.Release|x64.ActiveCfg = Release|x64
		{DFD5E79B-7A1F-4D45-967D-B817B39F0C37}.Release|x64.Build.0 = Release|x64
		{B22C5F84-E355-43E7-8E0A-1203D43F6311}.Debug|Mixed Platforms.ActiveCfg = Debug|Win32
		{B22C5F84-E355-43E7-8E0A-1203D43F6311}.Debug|Mixed Platforms.Build.0 = Debug|Win32
		{B22C5F84-E355-43E7-8E0A-1203D43F6311}.Debug|Win32.ActiveCfg = Debug|Win32
		{B22C5F84-E355-43E7-8E0A-1203D43F6311}.Debug|Win32.Build.0 = Debug|Win32
		{B22C5F84-E355-43E7-8E0A-1203D43F6311}.Debug|x64.ActiveCfg = Debug|x64
		{B22C5F84-E355-43E7-8E0A-1203D43F6311}.Debug|x64.Build.0 = Debug|x64
		{B22C5F84-E355-43E7-8E0A-1203D43F6311}.Release|Mixed Platforms.ActiveCfg = Release|Win32
		{B22C5F84-E355-43E7-8E0A-1203D43F6311}.Release|Mixed Platforms.Build.0 = Release|Win32
		{B22C5F84-E355-43E7-8E0A-1203D43F6311}.Release|Win32.ActiveCfg = Release|Win32
		{B22C5F84-E355-43E7-8E0A-1203D43F6311}.Release|Win32.Build.0 = Release|Win32
		{B22C5F84-E355-43E7-8E0A-1203D43F6311}.Release|x64.ActiveCfg = Release|x64
		{B22C5F84-E355-43E7-8E0A-1203D43F6311}.Release|x64.Build.0 = Release|x64
		{BC296FD2-C2FD-48B6-B1A6-6EBD94CB0FDD}.Debug|Mixed Platforms.ActiveCfg = Debug|Win32
		{BC296FD2-C2FD-48B6-B1A6-6EBD94CB0FDD}.Debug|Mixed Platforms.Build.0 = Debug|Win32
		{BC296FD2-C2FD-48B6-B1A6-6EBD94CB0FDD}.Debug|Win32.ActiveCfg = Debug|Win32
		{BC296FD2-C2FD-48B6-B1A6-6EBD94CB0FDD}.Debug|Win32.Build.0 = Debug|Win32
		{BC296FD2-C2FD-48B6-B1A6-6EBD94CB0FDD}.Debug|x64.ActiveCfg = Debug|x64
		{BC296FD2-C2FD-48B6-B1A6-6EBD94CB0FDD}.Debug|x64.Build.0 = Debug|x64
		{BC296FD2-C2FD-48B6-B1A6-6EBD94CB0FDD}.Release|Mixed Platforms.ActiveCfg = Release|Win32
		{BC296FD2-C2FD-48B6-B1A6-6EBD94CB0FDD}.Release|Mixed Platforms.Build.0 = Release|Win32
		{BC296FD2-C2FD-48B6-B1A6-6EBD94CB0FDD}.Release|Win32.ActiveCfg = Release|Win32
		{BC296FD2-C2FD-48B6-B1A6-6EBD94CB0FDD}.Release|Win32.Build.0 = Release|Win32
		{BC296FD2-C2FD-48B6-B1A6-6EBD94CB0FDD}.Release|x64.ActiveCfg = Release|x64
		{BC296FD2-C2FD-48B6-B1A6-6EBD94CB0FDD}.Release|x64.Build.0 = Release|x64
	EndGlobalSection
	GlobalSection(SolutionProperties) = preSolution
		HideSolutionNode = FALSE
	EndGlobalSection
EndGlobal
