
Microsoft Visual Studio Solution File, Format Version 12.00
# Visual Studio 2013
VisualStudioVersion = 12.0.30501.0
MinimumVisualStudioVersion = 10.0.40219.1
Project("{8BC9CEB8-8B4A-11D0-8D11-00A0C91BC942}") = "YZModelCore", "YZModelCore\YZModelCore.vcxproj", "{B12702AD-ABFB-343A-A199-8E24837244A3}"
EndProject
Project("{8BC9CEB8-8B4A-11D0-8D11-00A0C91BC942}") = "YZModelBLL", "YZModelBLL\YZModelBLL.vcxproj", "{BC3D0C8D-01B1-4760-949E-642DDD976900}"
EndProject
Project("{2150E333-8FDC-42A3-9474-1A3956D46DE8}") = "core", "core", "{CBCF6E60-7CE8-4BCF-802F-B86DDDCD3F4F}"
EndProject
Project("{2150E333-8FDC-42A3-9474-1A3956D46DE8}") = "testenv", "testenv", "{9F1BB8F9-D428-4CA4-891E-49E6D34A7A9B}"
EndProject
Project("{8BC9CEB8-8B4A-11D0-8D11-00A0C91BC942}") = "TestOSG", "..\testEnv\TestOSG.vcxproj", "{375D4E74-D030-454A-948E-DB26D0229636}"
EndProject
Project("{2150E333-8FDC-42A3-9474-1A3956D46DE8}") = "Module", "Module", "{22C532E9-3548-426A-B8B3-A8806C8D8A99}"
EndProject
Project("{8BC9CEB8-8B4A-11D0-8D11-00A0C91BC942}") = "TestProject", "ModelCore\TestProject\TestProject.vcxproj", "{C14E0621-4F68-4575-97CE-5365F682978A}"
EndProject
Project("{8BC9CEB8-8B4A-11D0-8D11-00A0C91BC942}") = "YZModelEntity", "YZModelEntity\YZModelEntity.vcxproj", "{9A27B4E1-F08D-4D12-BA50-2D3ABEFD96E4}"
EndProject
Project("{8BC9CEB8-8B4A-11D0-8D11-00A0C91BC942}") = "PlottingScale", "ModelCore\PlottingScale\PlottingScale.vcxproj", "{BE94077C-EBAA-47CC-82EE-B403EA69B171}"
EndProject
Project("{2150E333-8FDC-42A3-9474-1A3956D46DE8}") = "TreeStructure", "TreeStructure", "{631D0BFA-BF63-47EE-9763-92515D3B56AC}"
EndProject
Project("{8BC9CEB8-8B4A-11D0-8D11-00A0C91BC942}") = "TreeStructure", "..\TreeStructure\TreeStructure.vcxproj", "{E1446204-84D2-4878-A6CB-AEA1E494ED73}"
EndProject
Global
	GlobalSection(SolutionConfigurationPlatforms) = preSolution
		Debug|Any CPU = Debug|Any CPU
		Debug|Mixed Platforms = Debug|Mixed Platforms
		Debug|Win32 = Debug|Win32
		Debug|x64 = Debug|x64
		QtDebug|Any CPU = QtDebug|Any CPU
		QtDebug|Mixed Platforms = QtDebug|Mixed Platforms
		QtDebug|Win32 = QtDebug|Win32
		QtDebug|x64 = QtDebug|x64
		QtRelease|Any CPU = QtRelease|Any CPU
		QtRelease|Mixed Platforms = QtRelease|Mixed Platforms
		QtRelease|Win32 = QtRelease|Win32
		QtRelease|x64 = QtRelease|x64
		QtRelease3.2.1|Any CPU = QtRelease3.2.1|Any CPU
		QtRelease3.2.1|Mixed Platforms = QtRelease3.2.1|Mixed Platforms
		QtRelease3.2.1|Win32 = QtRelease3.2.1|Win32
		QtRelease3.2.1|x64 = QtRelease3.2.1|x64
		Release|Any CPU = Release|Any CPU
		Release|Mixed Platforms = Release|Mixed Platforms
		Release|Win32 = Release|Win32
		Release|x64 = Release|x64
		Release64|Any CPU = Release64|Any CPU
		Release64|Mixed Platforms = Release64|Mixed Platforms
		Release64|Win32 = Release64|Win32
		Release64|x64 = Release64|x64
	EndGlobalSection
	GlobalSection(ProjectConfigurationPlatforms) = postSolution
		{B12702AD-ABFB-343A-A199-8E24837244A3}.Debug|Any CPU.ActiveCfg = Debug|Win32
		{B12702AD-ABFB-343A-A199-8E24837244A3}.Debug|Mixed Platforms.ActiveCfg = Debug|Win32
		{B12702AD-ABFB-343A-A199-8E24837244A3}.Debug|Mixed Platforms.Build.0 = Debug|Win32
		{B12702AD-ABFB-343A-A199-8E24837244A3}.Debug|Win32.ActiveCfg = Debug|Win32
		{B12702AD-ABFB-343A-A199-8E24837244A3}.Debug|Win32.Build.0 = Debug|Win32
		{B12702AD-ABFB-343A-A199-8E24837244A3}.Debug|x64.ActiveCfg = Debug|x64
		{B12702AD-ABFB-343A-A199-8E24837244A3}.Debug|x64.Build.0 = Debug|x64
		{B12702AD-ABFB-343A-A199-8E24837244A3}.QtDebug|Any CPU.ActiveCfg = QtDebug|Win32
		{B12702AD-ABFB-343A-A199-8E24837244A3}.QtDebug|Mixed Platforms.ActiveCfg = QtDebug|Win32
		{B12702AD-ABFB-343A-A199-8E24837244A3}.QtDebug|Mixed Platforms.Build.0 = QtDebug|Win32
		{B12702AD-ABFB-343A-A199-8E24837244A3}.QtDebug|Win32.ActiveCfg = QtDebug|Win32
		{B12702AD-ABFB-343A-A199-8E24837244A3}.QtDebug|Win32.Build.0 = QtDebug|Win32
		{B12702AD-ABFB-343A-A199-8E24837244A3}.QtDebug|x64.ActiveCfg = QtDebug|x64
		{B12702AD-ABFB-343A-A199-8E24837244A3}.QtDebug|x64.Build.0 = QtDebug|x64
		{B12702AD-ABFB-343A-A199-8E24837244A3}.QtRelease|Any CPU.ActiveCfg = QtRelease|Win32
		{B12702AD-ABFB-343A-A199-8E24837244A3}.QtRelease|Mixed Platforms.ActiveCfg = QtRelease|Win32
		{B12702AD-ABFB-343A-A199-8E24837244A3}.QtRelease|Mixed Platforms.Build.0 = QtRelease|Win32
		{B12702AD-ABFB-343A-A199-8E24837244A3}.QtRelease|Win32.ActiveCfg = QtRelease|Win32
		{B12702AD-ABFB-343A-A199-8E24837244A3}.QtRelease|Win32.Build.0 = QtRelease|Win32
		{B12702AD-ABFB-343A-A199-8E24837244A3}.QtRelease|x64.ActiveCfg = QtRelease|x64
		{B12702AD-ABFB-343A-A199-8E24837244A3}.QtRelease|x64.Build.0 = QtRelease|x64
		{B12702AD-ABFB-343A-A199-8E24837244A3}.QtRelease3.2.1|Any CPU.ActiveCfg = QtRelease3.2.1|Win32
		{B12702AD-ABFB-343A-A199-8E24837244A3}.QtRelease3.2.1|Mixed Platforms.ActiveCfg = QtRelease3.2.1|Win32
		{B12702AD-ABFB-343A-A199-8E24837244A3}.QtRelease3.2.1|Mixed Platforms.Build.0 = QtRelease3.2.1|Win32
		{B12702AD-ABFB-343A-A199-8E24837244A3}.QtRelease3.2.1|Win32.ActiveCfg = QtRelease3.2.1|Win32
		{B12702AD-ABFB-343A-A199-8E24837244A3}.QtRelease3.2.1|Win32.Build.0 = QtRelease3.2.1|Win32
		{B12702AD-ABFB-343A-A199-8E24837244A3}.QtRelease3.2.1|x64.ActiveCfg = QtRelease3.2.1|x64
		{B12702AD-ABFB-343A-A199-8E24837244A3}.QtRelease3.2.1|x64.Build.0 = QtRelease3.2.1|x64
		{B12702AD-ABFB-343A-A199-8E24837244A3}.Release|Any CPU.ActiveCfg = Release|Win32
		{B12702AD-ABFB-343A-A199-8E24837244A3}.Release|Mixed Platforms.ActiveCfg = Release|Win32
		{B12702AD-ABFB-343A-A199-8E24837244A3}.Release|Mixed Platforms.Build.0 = Release|Win32
		{B12702AD-ABFB-343A-A199-8E24837244A3}.Release|Win32.ActiveCfg = Release|Win32
		{B12702AD-ABFB-343A-A199-8E24837244A3}.Release|Win32.Build.0 = Release|Win32
		{B12702AD-ABFB-343A-A199-8E24837244A3}.Release|x64.ActiveCfg = Release|x64
		{B12702AD-ABFB-343A-A199-8E24837244A3}.Release|x64.Build.0 = Release|x64
		{B12702AD-ABFB-343A-A199-8E24837244A3}.Release64|Any CPU.ActiveCfg = Release|Win32
		{B12702AD-ABFB-343A-A199-8E24837244A3}.Release64|Mixed Platforms.ActiveCfg = Release|Win32
		{B12702AD-ABFB-343A-A199-8E24837244A3}.Release64|Mixed Platforms.Build.0 = Release|Win32
		{B12702AD-ABFB-343A-A199-8E24837244A3}.Release64|Win32.ActiveCfg = Release|Win32
		{B12702AD-ABFB-343A-A199-8E24837244A3}.Release64|Win32.Build.0 = Release|Win32
		{B12702AD-ABFB-343A-A199-8E24837244A3}.Release64|x64.ActiveCfg = Release|x64
		{B12702AD-ABFB-343A-A199-8E24837244A3}.Release64|x64.Build.0 = Release|x64
		{BC3D0C8D-01B1-4760-949E-642DDD976900}.Debug|Any CPU.ActiveCfg = Debug|Win32
		{BC3D0C8D-01B1-4760-949E-642DDD976900}.Debug|Mixed Platforms.ActiveCfg = Debug|Win32
		{BC3D0C8D-01B1-4760-949E-642DDD976900}.Debug|Mixed Platforms.Build.0 = Debug|Win32
		{BC3D0C8D-01B1-4760-949E-642DDD976900}.Debug|Win32.ActiveCfg = Debug|Win32
		{BC3D0C8D-01B1-4760-949E-642DDD976900}.Debug|Win32.Build.0 = Debug|Win32
		{BC3D0C8D-01B1-4760-949E-642DDD976900}.Debug|x64.ActiveCfg = Debug|x64
		{BC3D0C8D-01B1-4760-949E-642DDD976900}.Debug|x64.Build.0 = Debug|x64
		{BC3D0C8D-01B1-4760-949E-642DDD976900}.QtDebug|Any CPU.ActiveCfg = QtDebug|Win32
		{BC3D0C8D-01B1-4760-949E-642DDD976900}.QtDebug|Mixed Platforms.ActiveCfg = QtDebug|Win32
		{BC3D0C8D-01B1-4760-949E-642DDD976900}.QtDebug|Mixed Platforms.Build.0 = QtDebug|Win32
		{BC3D0C8D-01B1-4760-949E-642DDD976900}.QtDebug|Win32.ActiveCfg = QtDebug|Win32
		{BC3D0C8D-01B1-4760-949E-642DDD976900}.QtDebug|Win32.Build.0 = QtDebug|Win32
		{BC3D0C8D-01B1-4760-949E-642DDD976900}.QtDebug|x64.ActiveCfg = QtDebug|x64
		{BC3D0C8D-01B1-4760-949E-642DDD976900}.QtDebug|x64.Build.0 = QtDebug|x64
		{BC3D0C8D-01B1-4760-949E-642DDD976900}.QtRelease|Any CPU.ActiveCfg = QtRelease|Win32
		{BC3D0C8D-01B1-4760-949E-642DDD976900}.QtRelease|Mixed Platforms.ActiveCfg = QtRelease|Win32
		{BC3D0C8D-01B1-4760-949E-642DDD976900}.QtRelease|Mixed Platforms.Build.0 = QtRelease|Win32
		{BC3D0C8D-01B1-4760-949E-642DDD976900}.QtRelease|Win32.ActiveCfg = QtRelease|Win32
		{BC3D0C8D-01B1-4760-949E-642DDD976900}.QtRelease|Win32.Build.0 = QtRelease|Win32
		{BC3D0C8D-01B1-4760-949E-642DDD976900}.QtRelease|x64.ActiveCfg = QtRelease|x64
		{BC3D0C8D-01B1-4760-949E-642DDD976900}.QtRelease|x64.Build.0 = QtRelease|x64
		{BC3D0C8D-01B1-4760-949E-642DDD976900}.QtRelease3.2.1|Any CPU.ActiveCfg = QtRelease3.2.1|Win32
		{BC3D0C8D-01B1-4760-949E-642DDD976900}.QtRelease3.2.1|Mixed Platforms.ActiveCfg = QtRelease3.2.1|Win32
		{BC3D0C8D-01B1-4760-949E-642DDD976900}.QtRelease3.2.1|Mixed Platforms.Build.0 = QtRelease3.2.1|Win32
		{BC3D0C8D-01B1-4760-949E-642DDD976900}.QtRelease3.2.1|Win32.ActiveCfg = QtRelease3.2.1|Win32
		{BC3D0C8D-01B1-4760-949E-642DDD976900}.QtRelease3.2.1|Win32.Build.0 = QtRelease3.2.1|Win32
		{BC3D0C8D-01B1-4760-949E-642DDD976900}.QtRelease3.2.1|x64.ActiveCfg = QtRelease3.2.1|x64
		{BC3D0C8D-01B1-4760-949E-642DDD976900}.QtRelease3.2.1|x64.Build.0 = QtRelease3.2.1|x64
		{BC3D0C8D-01B1-4760-949E-642DDD976900}.Release|Any CPU.ActiveCfg = Release|Win32
		{BC3D0C8D-01B1-4760-949E-642DDD976900}.Release|Mixed Platforms.ActiveCfg = Release|Win32
		{BC3D0C8D-01B1-4760-949E-642DDD976900}.Release|Mixed Platforms.Build.0 = Release|Win32
		{BC3D0C8D-01B1-4760-949E-642DDD976900}.Release|Win32.ActiveCfg = Release|Win32
		{BC3D0C8D-01B1-4760-949E-642DDD976900}.Release|Win32.Build.0 = Release|Win32
		{BC3D0C8D-01B1-4760-949E-642DDD976900}.Release|x64.ActiveCfg = Release|x64
		{BC3D0C8D-01B1-4760-949E-642DDD976900}.Release|x64.Build.0 = Release|x64
		{BC3D0C8D-01B1-4760-949E-642DDD976900}.Release64|Any CPU.ActiveCfg = Release|Win32
		{BC3D0C8D-01B1-4760-949E-642DDD976900}.Release64|Mixed Platforms.ActiveCfg = Release|Win32
		{BC3D0C8D-01B1-4760-949E-642DDD976900}.Release64|Mixed Platforms.Build.0 = Release|Win32
		{BC3D0C8D-01B1-4760-949E-642DDD976900}.Release64|Win32.ActiveCfg = Release|Win32
		{BC3D0C8D-01B1-4760-949E-642DDD976900}.Release64|Win32.Build.0 = Release|Win32
		{BC3D0C8D-01B1-4760-949E-642DDD976900}.Release64|x64.ActiveCfg = Release|x64
		{BC3D0C8D-01B1-4760-949E-642DDD976900}.Release64|x64.Build.0 = Release|x64
		{375D4E74-D030-454A-948E-DB26D0229636}.Debug|Any CPU.ActiveCfg = Debug|Win32
		{375D4E74-D030-454A-948E-DB26D0229636}.Debug|Mixed Platforms.ActiveCfg = Debug|Win32
		{375D4E74-D030-454A-948E-DB26D0229636}.Debug|Mixed Platforms.Build.0 = Debug|Win32
		{375D4E74-D030-454A-948E-DB26D0229636}.Debug|Win32.ActiveCfg = Debug|Win32
		{375D4E74-D030-454A-948E-DB26D0229636}.Debug|Win32.Build.0 = Debug|Win32
		{375D4E74-D030-454A-948E-DB26D0229636}.Debug|x64.ActiveCfg = Debug|x64
		{375D4E74-D030-454A-948E-DB26D0229636}.Debug|x64.Build.0 = Debug|x64
		{375D4E74-D030-454A-948E-DB26D0229636}.QtDebug|Any CPU.ActiveCfg = Debug|Win32
		{375D4E74-D030-454A-948E-DB26D0229636}.QtDebug|Mixed Platforms.ActiveCfg = Debug|Win32
		{375D4E74-D030-454A-948E-DB26D0229636}.QtDebug|Mixed Platforms.Build.0 = Debug|Win32
		{375D4E74-D030-454A-948E-DB26D0229636}.QtDebug|Win32.ActiveCfg = Debug|Win32
		{375D4E74-D030-454A-948E-DB26D0229636}.QtDebug|Win32.Build.0 = Debug|Win32
		{375D4E74-D030-454A-948E-DB26D0229636}.QtDebug|x64.ActiveCfg = Debug|x64
		{375D4E74-D030-454A-948E-DB26D0229636}.QtRelease|Any CPU.ActiveCfg = Release|Win32
		{375D4E74-D030-454A-948E-DB26D0229636}.QtRelease|Mixed Platforms.ActiveCfg = Release|Win32
		{375D4E74-D030-454A-948E-DB26D0229636}.QtRelease|Mixed Platforms.Build.0 = Release|Win32
		{375D4E74-D030-454A-948E-DB26D0229636}.QtRelease|Win32.ActiveCfg = Release|Win32
		{375D4E74-D030-454A-948E-DB26D0229636}.QtRelease|Win32.Build.0 = Release|Win32
		{375D4E74-D030-454A-948E-DB26D0229636}.QtRelease|x64.ActiveCfg = Release|x64
		{375D4E74-D030-454A-948E-DB26D0229636}.QtRelease3.2.1|Any CPU.ActiveCfg = QtRelease3.2.1|Win32
		{375D4E74-D030-454A-948E-DB26D0229636}.QtRelease3.2.1|Mixed Platforms.ActiveCfg = QtRelease3.2.1|Win32
		{375D4E74-D030-454A-948E-DB26D0229636}.QtRelease3.2.1|Mixed Platforms.Build.0 = QtRelease3.2.1|Win32
		{375D4E74-D030-454A-948E-DB26D0229636}.QtRelease3.2.1|Win32.ActiveCfg = QtRelease3.2.1|Win32
		{375D4E74-D030-454A-948E-DB26D0229636}.QtRelease3.2.1|Win32.Build.0 = QtRelease3.2.1|Win32
		{375D4E74-D030-454A-948E-DB26D0229636}.QtRelease3.2.1|x64.ActiveCfg = QtRelease3.2.1|x64
		{375D4E74-D030-454A-948E-DB26D0229636}.QtRelease3.2.1|x64.Build.0 = QtRelease3.2.1|x64
		{375D4E74-D030-454A-948E-DB26D0229636}.Release|Any CPU.ActiveCfg = Release|Win32
		{375D4E74-D030-454A-948E-DB26D0229636}.Release|Mixed Platforms.ActiveCfg = Release|Win32
		{375D4E74-D030-454A-948E-DB26D0229636}.Release|Mixed Platforms.Build.0 = Release|Win32
		{375D4E74-D030-454A-948E-DB26D0229636}.Release|Win32.ActiveCfg = Release|Win32
		{375D4E74-D030-454A-948E-DB26D0229636}.Release|Win32.Build.0 = Release|Win32
		{375D4E74-D030-454A-948E-DB26D0229636}.Release|x64.ActiveCfg = Release|x64
		{375D4E74-D030-454A-948E-DB26D0229636}.Release|x64.Build.0 = Release|x64
		{375D4E74-D030-454A-948E-DB26D0229636}.Release64|Any CPU.ActiveCfg = Release|Win32
		{375D4E74-D030-454A-948E-DB26D0229636}.Release64|Mixed Platforms.ActiveCfg = Release|Win32
		{375D4E74-D030-454A-948E-DB26D0229636}.Release64|Mixed Platforms.Build.0 = Release|Win32
		{375D4E74-D030-454A-948E-DB26D0229636}.Release64|Win32.ActiveCfg = Release|Win32
		{375D4E74-D030-454A-948E-DB26D0229636}.Release64|Win32.Build.0 = Release|Win32
		{375D4E74-D030-454A-948E-DB26D0229636}.Release64|x64.ActiveCfg = Release|x64
		{375D4E74-D030-454A-948E-DB26D0229636}.Release64|x64.Build.0 = Release|x64
		{C14E0621-4F68-4575-97CE-5365F682978A}.Debug|Any CPU.ActiveCfg = Debug|Win32
		{C14E0621-4F68-4575-97CE-5365F682978A}.Debug|Mixed Platforms.ActiveCfg = Debug|Win32
		{C14E0621-4F68-4575-97CE-5365F682978A}.Debug|Mixed Platforms.Build.0 = Debug|Win32
		{C14E0621-4F68-4575-97CE-5365F682978A}.Debug|Win32.ActiveCfg = Debug|Win32
		{C14E0621-4F68-4575-97CE-5365F682978A}.Debug|Win32.Build.0 = Debug|Win32
		{C14E0621-4F68-4575-97CE-5365F682978A}.Debug|x64.ActiveCfg = Debug|x64
		{C14E0621-4F68-4575-97CE-5365F682978A}.Debug|x64.Build.0 = Debug|x64
		{C14E0621-4F68-4575-97CE-5365F682978A}.QtDebug|Any CPU.ActiveCfg = QtDebug|Win32
		{C14E0621-4F68-4575-97CE-5365F682978A}.QtDebug|Mixed Platforms.ActiveCfg = QtDebug|Win32
		{C14E0621-4F68-4575-97CE-5365F682978A}.QtDebug|Mixed Platforms.Build.0 = QtDebug|Win32
		{C14E0621-4F68-4575-97CE-5365F682978A}.QtDebug|Win32.ActiveCfg = QtDebug|Win32
		{C14E0621-4F68-4575-97CE-5365F682978A}.QtDebug|Win32.Build.0 = QtDebug|Win32
		{C14E0621-4F68-4575-97CE-5365F682978A}.QtDebug|x64.ActiveCfg = QtDebug|x64
		{C14E0621-4F68-4575-97CE-5365F682978A}.QtDebug|x64.Build.0 = QtDebug|x64
		{C14E0621-4F68-4575-97CE-5365F682978A}.QtRelease|Any CPU.ActiveCfg = QtRelease|Win32
		{C14E0621-4F68-4575-97CE-5365F682978A}.QtRelease|Mixed Platforms.ActiveCfg = QtRelease|Win32
		{C14E0621-4F68-4575-97CE-5365F682978A}.QtRelease|Mixed Platforms.Build.0 = QtRelease|Win32
		{C14E0621-4F68-4575-97CE-5365F682978A}.QtRelease|Win32.ActiveCfg = QtRelease|Win32
		{C14E0621-4F68-4575-97CE-5365F682978A}.QtRelease|Win32.Build.0 = QtRelease|Win32
		{C14E0621-4F68-4575-97CE-5365F682978A}.QtRelease|x64.ActiveCfg = QtRelease|x64
		{C14E0621-4F68-4575-97CE-5365F682978A}.QtRelease|x64.Build.0 = QtRelease|x64
		{C14E0621-4F68-4575-97CE-5365F682978A}.QtRelease3.2.1|Any CPU.ActiveCfg = QtRelease3.2.1|Win32
		{C14E0621-4F68-4575-97CE-5365F682978A}.QtRelease3.2.1|Mixed Platforms.ActiveCfg = QtRelease3.2.1|Win32
		{C14E0621-4F68-4575-97CE-5365F682978A}.QtRelease3.2.1|Mixed Platforms.Build.0 = QtRelease3.2.1|Win32
		{C14E0621-4F68-4575-97CE-5365F682978A}.QtRelease3.2.1|Win32.ActiveCfg = QtRelease3.2.1|Win32
		{C14E0621-4F68-4575-97CE-5365F682978A}.QtRelease3.2.1|Win32.Build.0 = QtRelease3.2.1|Win32
		{C14E0621-4F68-4575-97CE-5365F682978A}.QtRelease3.2.1|x64.ActiveCfg = QtRelease3.2.1|x64
		{C14E0621-4F68-4575-97CE-5365F682978A}.QtRelease3.2.1|x64.Build.0 = QtRelease3.2.1|x64
		{C14E0621-4F68-4575-97CE-5365F682978A}.Release|Any CPU.ActiveCfg = Release|Win32
		{C14E0621-4F68-4575-97CE-5365F682978A}.Release|Mixed Platforms.ActiveCfg = Release|Win32
		{C14E0621-4F68-4575-97CE-5365F682978A}.Release|Mixed Platforms.Build.0 = Release|Win32
		{C14E0621-4F68-4575-97CE-5365F682978A}.Release|Win32.ActiveCfg = Release|Win32
		{C14E0621-4F68-4575-97CE-5365F682978A}.Release|Win32.Build.0 = Release|Win32
		{C14E0621-4F68-4575-97CE-5365F682978A}.Release|x64.ActiveCfg = Release|x64
		{C14E0621-4F68-4575-97CE-5365F682978A}.Release|x64.Build.0 = Release|x64
		{C14E0621-4F68-4575-97CE-5365F682978A}.Release64|Any CPU.ActiveCfg = Release|Win32
		{C14E0621-4F68-4575-97CE-5365F682978A}.Release64|Mixed Platforms.ActiveCfg = Release|Win32
		{C14E0621-4F68-4575-97CE-5365F682978A}.Release64|Mixed Platforms.Build.0 = Release|Win32
		{C14E0621-4F68-4575-97CE-5365F682978A}.Release64|Win32.ActiveCfg = Release|Win32
		{C14E0621-4F68-4575-97CE-5365F682978A}.Release64|Win32.Build.0 = Release|Win32
		{C14E0621-4F68-4575-97CE-5365F682978A}.Release64|x64.ActiveCfg = Release|x64
		{C14E0621-4F68-4575-97CE-5365F682978A}.Release64|x64.Build.0 = Release|x64
		{9A27B4E1-F08D-4D12-BA50-2D3ABEFD96E4}.Debug|Any CPU.ActiveCfg = Debug|Win32
		{9A27B4E1-F08D-4D12-BA50-2D3ABEFD96E4}.Debug|Mixed Platforms.ActiveCfg = Debug|Win32
		{9A27B4E1-F08D-4D12-BA50-2D3ABEFD96E4}.Debug|Mixed Platforms.Build.0 = Debug|Win32
		{9A27B4E1-F08D-4D12-BA50-2D3ABEFD96E4}.Debug|Win32.ActiveCfg = Debug|Win32
		{9A27B4E1-F08D-4D12-BA50-2D3ABEFD96E4}.Debug|Win32.Build.0 = Debug|Win32
		{9A27B4E1-F08D-4D12-BA50-2D3ABEFD96E4}.Debug|x64.ActiveCfg = Debug|x64
		{9A27B4E1-F08D-4D12-BA50-2D3ABEFD96E4}.Debug|x64.Build.0 = Debug|x64
		{9A27B4E1-F08D-4D12-BA50-2D3ABEFD96E4}.QtDebug|Any CPU.ActiveCfg = QtDebug|Win32
		{9A27B4E1-F08D-4D12-BA50-2D3ABEFD96E4}.QtDebug|Mixed Platforms.ActiveCfg = QtDebug|Win32
		{9A27B4E1-F08D-4D12-BA50-2D3ABEFD96E4}.QtDebug|Mixed Platforms.Build.0 = QtDebug|Win32
		{9A27B4E1-F08D-4D12-BA50-2D3ABEFD96E4}.QtDebug|Win32.ActiveCfg = QtDebug|Win32
		{9A27B4E1-F08D-4D12-BA50-2D3ABEFD96E4}.QtDebug|Win32.Build.0 = QtDebug|Win32
		{9A27B4E1-F08D-4D12-BA50-2D3ABEFD96E4}.QtDebug|x64.ActiveCfg = QtDebug|x64
		{9A27B4E1-F08D-4D12-BA50-2D3ABEFD96E4}.QtDebug|x64.Build.0 = QtDebug|x64
		{9A27B4E1-F08D-4D12-BA50-2D3ABEFD96E4}.QtRelease|Any CPU.ActiveCfg = QtRelease|Win32
		{9A27B4E1-F08D-4D12-BA50-2D3ABEFD96E4}.QtRelease|Mixed Platforms.ActiveCfg = QtRelease|Win32
		{9A27B4E1-F08D-4D12-BA50-2D3ABEFD96E4}.QtRelease|Mixed Platforms.Build.0 = QtRelease|Win32
		{9A27B4E1-F08D-4D12-BA50-2D3ABEFD96E4}.QtRelease|Win32.ActiveCfg = QtRelease|Win32
		{9A27B4E1-F08D-4D12-BA50-2D3ABEFD96E4}.QtRelease|Win32.Build.0 = QtRelease|Win32
		{9A27B4E1-F08D-4D12-BA50-2D3ABEFD96E4}.QtRelease|x64.ActiveCfg = QtRelease|x64
		{9A27B4E1-F08D-4D12-BA50-2D3ABEFD96E4}.QtRelease|x64.Build.0 = QtRelease|x64
		{9A27B4E1-F08D-4D12-BA50-2D3ABEFD96E4}.QtRelease3.2.1|Any CPU.ActiveCfg = QtRelease3.2.1|Win32
		{9A27B4E1-F08D-4D12-BA50-2D3ABEFD96E4}.QtRelease3.2.1|Mixed Platforms.ActiveCfg = QtRelease3.2.1|Win32
		{9A27B4E1-F08D-4D12-BA50-2D3ABEFD96E4}.QtRelease3.2.1|Mixed Platforms.Build.0 = QtRelease3.2.1|Win32
		{9A27B4E1-F08D-4D12-BA50-2D3ABEFD96E4}.QtRelease3.2.1|Win32.ActiveCfg = QtRelease3.2.1|Win32
		{9A27B4E1-F08D-4D12-BA50-2D3ABEFD96E4}.QtRelease3.2.1|Win32.Build.0 = QtRelease3.2.1|Win32
		{9A27B4E1-F08D-4D12-BA50-2D3ABEFD96E4}.QtRelease3.2.1|x64.ActiveCfg = QtRelease3.2.1|x64
		{9A27B4E1-F08D-4D12-BA50-2D3ABEFD96E4}.QtRelease3.2.1|x64.Build.0 = QtRelease3.2.1|x64
		{9A27B4E1-F08D-4D12-BA50-2D3ABEFD96E4}.Release|Any CPU.ActiveCfg = Release|Win32
		{9A27B4E1-F08D-4D12-BA50-2D3ABEFD96E4}.Release|Mixed Platforms.ActiveCfg = Release|Win32
		{9A27B4E1-F08D-4D12-BA50-2D3ABEFD96E4}.Release|Mixed Platforms.Build.0 = Release|Win32
		{9A27B4E1-F08D-4D12-BA50-2D3ABEFD96E4}.Release|Win32.ActiveCfg = Release|Win32
		{9A27B4E1-F08D-4D12-BA50-2D3ABEFD96E4}.Release|Win32.Build.0 = Release|Win32
		{9A27B4E1-F08D-4D12-BA50-2D3ABEFD96E4}.Release|x64.ActiveCfg = Release|x64
		{9A27B4E1-F08D-4D12-BA50-2D3ABEFD96E4}.Release|x64.Build.0 = Release|x64
		{9A27B4E1-F08D-4D12-BA50-2D3ABEFD96E4}.Release64|Any CPU.ActiveCfg = Release64|Win32
		{9A27B4E1-F08D-4D12-BA50-2D3ABEFD96E4}.Release64|Mixed Platforms.ActiveCfg = Release64|Win32
		{9A27B4E1-F08D-4D12-BA50-2D3ABEFD96E4}.Release64|Mixed Platforms.Build.0 = Release64|Win32
		{9A27B4E1-F08D-4D12-BA50-2D3ABEFD96E4}.Release64|Win32.ActiveCfg = Release64|Win32
		{9A27B4E1-F08D-4D12-BA50-2D3ABEFD96E4}.Release64|Win32.Build.0 = Release64|Win32
		{9A27B4E1-F08D-4D12-BA50-2D3ABEFD96E4}.Release64|x64.ActiveCfg = Release64|x64
		{9A27B4E1-F08D-4D12-BA50-2D3ABEFD96E4}.Release64|x64.Build.0 = Release64|x64
		{BE94077C-EBAA-47CC-82EE-B403EA69B171}.Debug|Any CPU.ActiveCfg = Debug|Win32
		{BE94077C-EBAA-47CC-82EE-B403EA69B171}.Debug|Mixed Platforms.ActiveCfg = Debug|Win32
		{BE94077C-EBAA-47CC-82EE-B403EA69B171}.Debug|Mixed Platforms.Build.0 = Debug|Win32
		{BE94077C-EBAA-47CC-82EE-B403EA69B171}.Debug|Win32.ActiveCfg = Debug|Win32
		{BE94077C-EBAA-47CC-82EE-B403EA69B171}.Debug|Win32.Build.0 = Debug|Win32
		{BE94077C-EBAA-47CC-82EE-B403EA69B171}.Debug|x64.ActiveCfg = Debug|x64
		{BE94077C-EBAA-47CC-82EE-B403EA69B171}.Debug|x64.Build.0 = Debug|x64
		{BE94077C-EBAA-47CC-82EE-B403EA69B171}.QtDebug|Any CPU.ActiveCfg = QtDebug|Win32
		{BE94077C-EBAA-47CC-82EE-B403EA69B171}.QtDebug|Mixed Platforms.ActiveCfg = QtDebug|Win32
		{BE94077C-EBAA-47CC-82EE-B403EA69B171}.QtDebug|Mixed Platforms.Build.0 = QtDebug|Win32
		{BE94077C-EBAA-47CC-82EE-B403EA69B171}.QtDebug|Win32.ActiveCfg = QtDebug|Win32
		{BE94077C-EBAA-47CC-82EE-B403EA69B171}.QtDebug|Win32.Build.0 = QtDebug|Win32
		{BE94077C-EBAA-47CC-82EE-B403EA69B171}.QtDebug|x64.ActiveCfg = QtDebug|x64
		{BE94077C-EBAA-47CC-82EE-B403EA69B171}.QtDebug|x64.Build.0 = QtDebug|x64
		{BE94077C-EBAA-47CC-82EE-B403EA69B171}.QtRelease|Any CPU.ActiveCfg = QtRelease|Win32
		{BE94077C-EBAA-47CC-82EE-B403EA69B171}.QtRelease|Mixed Platforms.ActiveCfg = QtRelease|Win32
		{BE94077C-EBAA-47CC-82EE-B403EA69B171}.QtRelease|Mixed Platforms.Build.0 = QtRelease|Win32
		{BE94077C-EBAA-47CC-82EE-B403EA69B171}.QtRelease|Win32.ActiveCfg = QtRelease|Win32
		{BE94077C-EBAA-47CC-82EE-B403EA69B171}.QtRelease|Win32.Build.0 = QtRelease|Win32
		{BE94077C-EBAA-47CC-82EE-B403EA69B171}.QtRelease|x64.ActiveCfg = QtRelease|x64
		{BE94077C-EBAA-47CC-82EE-B403EA69B171}.QtRelease|x64.Build.0 = QtRelease|x64
		{BE94077C-EBAA-47CC-82EE-B403EA69B171}.QtRelease3.2.1|Any CPU.ActiveCfg = QtRelease3.2.1|Win32
		{BE94077C-EBAA-47CC-82EE-B403EA69B171}.QtRelease3.2.1|Mixed Platforms.ActiveCfg = QtRelease3.2.1|Win32
		{BE94077C-EBAA-47CC-82EE-B403EA69B171}.QtRelease3.2.1|Mixed Platforms.Build.0 = QtRelease3.2.1|Win32
		{BE94077C-EBAA-47CC-82EE-B403EA69B171}.QtRelease3.2.1|Win32.ActiveCfg = QtRelease3.2.1|Win32
		{BE94077C-EBAA-47CC-82EE-B403EA69B171}.QtRelease3.2.1|Win32.Build.0 = QtRelease3.2.1|Win32
		{BE94077C-EBAA-47CC-82EE-B403EA69B171}.QtRelease3.2.1|x64.ActiveCfg = QtRelease3.2.1|x64
		{BE94077C-EBAA-47CC-82EE-B403EA69B171}.QtRelease3.2.1|x64.Build.0 = QtRelease3.2.1|x64
		{BE94077C-EBAA-47CC-82EE-B403EA69B171}.Release|Any CPU.ActiveCfg = Release|Win32
		{BE94077C-EBAA-47CC-82EE-B403EA69B171}.Release|Mixed Platforms.ActiveCfg = Release|Win32
		{BE94077C-EBAA-47CC-82EE-B403EA69B171}.Release|Mixed Platforms.Build.0 = Release|Win32
		{BE94077C-EBAA-47CC-82EE-B403EA69B171}.Release|Win32.ActiveCfg = Release|Win32
		{BE94077C-EBAA-47CC-82EE-B403EA69B171}.Release|Win32.Build.0 = Release|Win32
		{BE94077C-EBAA-47CC-82EE-B403EA69B171}.Release|x64.ActiveCfg = Release|x64
		{BE94077C-EBAA-47CC-82EE-B403EA69B171}.Release|x64.Build.0 = Release|x64
		{BE94077C-EBAA-47CC-82EE-B403EA69B171}.Release64|Any CPU.ActiveCfg = Release|Win32
		{BE94077C-EBAA-47CC-82EE-B403EA69B171}.Release64|Mixed Platforms.ActiveCfg = Release|Win32
		{BE94077C-EBAA-47CC-82EE-B403EA69B171}.Release64|Mixed Platforms.Build.0 = Release|Win32
		{BE94077C-EBAA-47CC-82EE-B403EA69B171}.Release64|Win32.ActiveCfg = Release|Win32
		{BE94077C-EBAA-47CC-82EE-B403EA69B171}.Release64|Win32.Build.0 = Release|Win32
		{BE94077C-EBAA-47CC-82EE-B403EA69B171}.Release64|x64.ActiveCfg = Release|x64
		{BE94077C-EBAA-47CC-82EE-B403EA69B171}.Release64|x64.Build.0 = Release|x64
		{E1446204-84D2-4878-A6CB-AEA1E494ED73}.Debug|Any CPU.ActiveCfg = Debug|Win32
		{E1446204-84D2-4878-A6CB-AEA1E494ED73}.Debug|Mixed Platforms.ActiveCfg = Debug|Win32
		{E1446204-84D2-4878-A6CB-AEA1E494ED73}.Debug|Mixed Platforms.Build.0 = Debug|Win32
		{E1446204-84D2-4878-A6CB-AEA1E494ED73}.Debug|Win32.ActiveCfg = Debug|Win32
		{E1446204-84D2-4878-A6CB-AEA1E494ED73}.Debug|Win32.Build.0 = Debug|Win32
		{E1446204-84D2-4878-A6CB-AEA1E494ED73}.Debug|x64.ActiveCfg = Debug|x64
		{E1446204-84D2-4878-A6CB-AEA1E494ED73}.Debug|x64.Build.0 = Debug|x64
		{E1446204-84D2-4878-A6CB-AEA1E494ED73}.QtDebug|Any CPU.ActiveCfg = Debug|Win32
		{E1446204-84D2-4878-A6CB-AEA1E494ED73}.QtDebug|Mixed Platforms.ActiveCfg = Debug|Win32
		{E1446204-84D2-4878-A6CB-AEA1E494ED73}.QtDebug|Mixed Platforms.Build.0 = Debug|Win32
		{E1446204-84D2-4878-A6CB-AEA1E494ED73}.QtDebug|Win32.ActiveCfg = Debug|Win32
		{E1446204-84D2-4878-A6CB-AEA1E494ED73}.QtDebug|Win32.Build.0 = Debug|Win32
		{E1446204-84D2-4878-A6CB-AEA1E494ED73}.QtDebug|x64.ActiveCfg = Debug|x64
		{E1446204-84D2-4878-A6CB-AEA1E494ED73}.QtDebug|x64.Build.0 = Debug|x64
		{E1446204-84D2-4878-A6CB-AEA1E494ED73}.QtRelease|Any CPU.ActiveCfg = Release|Win32
		{E1446204-84D2-4878-A6CB-AEA1E494ED73}.QtRelease|Mixed Platforms.ActiveCfg = Release|Win32
		{E1446204-84D2-4878-A6CB-AEA1E494ED73}.QtRelease|Mixed Platforms.Build.0 = Release|Win32
		{E1446204-84D2-4878-A6CB-AEA1E494ED73}.QtRelease|Win32.ActiveCfg = Release|Win32
		{E1446204-84D2-4878-A6CB-AEA1E494ED73}.QtRelease|Win32.Build.0 = Release|Win32
		{E1446204-84D2-4878-A6CB-AEA1E494ED73}.QtRelease|x64.ActiveCfg = Release|x64
		{E1446204-84D2-4878-A6CB-AEA1E494ED73}.QtRelease|x64.Build.0 = Release|x64
		{E1446204-84D2-4878-A6CB-AEA1E494ED73}.QtRelease3.2.1|Any CPU.ActiveCfg = Release|Win32
		{E1446204-84D2-4878-A6CB-AEA1E494ED73}.QtRelease3.2.1|Mixed Platforms.ActiveCfg = Release|Win32
		{E1446204-84D2-4878-A6CB-AEA1E494ED73}.QtRelease3.2.1|Mixed Platforms.Build.0 = Release|Win32
		{E1446204-84D2-4878-A6CB-AEA1E494ED73}.QtRelease3.2.1|Win32.ActiveCfg = Release|Win32
		{E1446204-84D2-4878-A6CB-AEA1E494ED73}.QtRelease3.2.1|Win32.Build.0 = Release|Win32
		{E1446204-84D2-4878-A6CB-AEA1E494ED73}.QtRelease3.2.1|x64.ActiveCfg = Release|x64
		{E1446204-84D2-4878-A6CB-AEA1E494ED73}.QtRelease3.2.1|x64.Build.0 = Release|x64
		{E1446204-84D2-4878-A6CB-AEA1E494ED73}.Release|Any CPU.ActiveCfg = Release|Win32
		{E1446204-84D2-4878-A6CB-AEA1E494ED73}.Release|Mixed Platforms.ActiveCfg = Release|Win32
		{E1446204-84D2-4878-A6CB-AEA1E494ED73}.Release|Mixed Platforms.Build.0 = Release|Win32
		{E1446204-84D2-4878-A6CB-AEA1E494ED73}.Release|Win32.ActiveCfg = Release|Win32
		{E1446204-84D2-4878-A6CB-AEA1E494ED73}.Release|Win32.Build.0 = Release|Win32
		{E1446204-84D2-4878-A6CB-AEA1E494ED73}.Release|x64.ActiveCfg = Release|x64
		{E1446204-84D2-4878-A6CB-AEA1E494ED73}.Release|x64.Build.0 = Release|x64
		{E1446204-84D2-4878-A6CB-AEA1E494ED73}.Release64|Any CPU.ActiveCfg = Release|Win32
		{E1446204-84D2-4878-A6CB-AEA1E494ED73}.Release64|Mixed Platforms.ActiveCfg = Release|Win32
		{E1446204-84D2-4878-A6CB-AEA1E494ED73}.Release64|Mixed Platforms.Build.0 = Release|Win32
		{E1446204-84D2-4878-A6CB-AEA1E494ED73}.Release64|Win32.ActiveCfg = Release|Win32
		{E1446204-84D2-4878-A6CB-AEA1E494ED73}.Release64|Win32.Build.0 = Release|Win32
		{E1446204-84D2-4878-A6CB-AEA1E494ED73}.Release64|x64.ActiveCfg = Release|x64
		{E1446204-84D2-4878-A6CB-AEA1E494ED73}.Release64|x64.Build.0 = Release|x64
	EndGlobalSection
	GlobalSection(SolutionProperties) = preSolution
		HideSolutionNode = FALSE
	EndGlobalSection
	GlobalSection(NestedProjects) = preSolution
		{B12702AD-ABFB-343A-A199-8E24837244A3} = {CBCF6E60-7CE8-4BCF-802F-B86DDDCD3F4F}
		{BC3D0C8D-01B1-4760-949E-642DDD976900} = {CBCF6E60-7CE8-4BCF-802F-B86DDDCD3F4F}
		{375D4E74-D030-454A-948E-DB26D0229636} = {9F1BB8F9-D428-4CA4-891E-49E6D34A7A9B}
		{C14E0621-4F68-4575-97CE-5365F682978A} = {22C532E9-3548-426A-B8B3-A8806C8D8A99}
		{9A27B4E1-F08D-4D12-BA50-2D3ABEFD96E4} = {CBCF6E60-7CE8-4BCF-802F-B86DDDCD3F4F}
		{BE94077C-EBAA-47CC-82EE-B403EA69B171} = {22C532E9-3548-426A-B8B3-A8806C8D8A99}
		{E1446204-84D2-4878-A6CB-AEA1E494ED73} = {631D0BFA-BF63-47EE-9763-92515D3B56AC}
	EndGlobalSection
	GlobalSection(ExtensibilityGlobals) = postSolution
		Qt5Version = msvc2013_64_opengl
	EndGlobalSection
EndGlobal
