<?xml version="1.0" encoding="utf-8"?>
<Project ToolsVersion="4.0" xmlns="http://schemas.microsoft.com/developer/msbuild/2003">
  <ItemGroup>
    <ClInclude Include="..\..\..\..\OSG\inc\public\ITestModule.h">
      <Filter>public</Filter>
    </ClInclude>
    <ClInclude Include="..\..\..\..\OSG\inc\YZModelCore\TestModule.h">
      <Filter>header</Filter>
    </ClInclude>
    <ClInclude Include="..\..\..\..\OSG\inc\YZModelCore\testHigh.h">
      <Filter>header</Filter>
    </ClInclude>
  </ItemGroup>
  <ItemGroup>
    <Filter Include="header">
      <UniqueIdentifier>{68f030c4-ae29-4a7a-9a77-5e8a29aa7a2e}</UniqueIdentifier>
    </Filter>
    <Filter Include="source">
      <UniqueIdentifier>{f75a91ae-a049-4f76-857e-f34340adce41}</UniqueIdentifier>
    </Filter>
    <Filter Include="public">
      <UniqueIdentifier>{77996f71-f15c-44ff-b659-68e6eaea0483}</UniqueIdentifier>
    </Filter>
  </ItemGroup>
  <ItemGroup>
    <ClCompile Include="TestModule.cpp">
      <Filter>source</Filter>
    </ClCompile>
    <ClCompile Include="TestHigh.cpp">
      <Filter>source</Filter>
    </ClCompile>
  </ItemGroup>
</Project>